{
  "object": {
    "pins": [
      {
        "package": "Files",
        "repositoryURL": "https://github.com/JohnSundell/Files",
        "state": {
          "branch": null,
          "revision": "7de5a7b9627e8f2f88eba8a899ce8ddf2c64d39d",
          "version": "3.0.0"
        }
      },
      {
        "package": "Guaka",
        "repositoryURL": "https://github.com/nsomar/Guaka",
        "state": {
          "branch": null,
          "revision": "7d6135f0bcb324977698c40a1985f481899b6dce",
          "version": "0.3.1"
        }
      },
      {
        "package": "StringScanner",
        "repositoryURL": "https://github.com/getGuaka/StringScanner.git",
        "state": {
          "branch": null,
          "revision": "c2cf5c81dade9486386f1cacd917c03e959a3005",
          "version": "0.3.0"
        }
      }
    ]
  },
  "version": 1
}
